<?xml version="1.0" encoding="utf-8"?>
<Project ToolsVersion="4.0" xmlns="http://schemas.microsoft.com/developer/msbuild/2003">
  <ItemGroup>
    <Filter Include="Source Files">
      <UniqueIdentifier>{4FC737F1-C7A5-4376-A066-2A32D752A2FF}</UniqueIdentifier>
      <Extensions>cpp;c;cc;cxx;c++;cppm;ixx;def;odl;idl;hpj;bat;asm;asmx</Extensions>
    </Filter>
    <Filter Include="Header Files">
      <UniqueIdentifier>{93995380-89BD-4b04-88EB-625FBE52EBFB}</UniqueIdentifier>
      <Extensions>h;hh;hpp;hxx;h++;hm;inl;inc;ipp;xsd</Extensions>
    </Filter>
    <Filter Include="Resource Files">
      <UniqueIdentifier>{67DA6AB6-F800-4c08-8B7A-83BB121AAD01}</UniqueIdentifier>
      <Extensions>rc;ico;cur;bmp;dlg;rc2;rct;bin;rgs;gif;jpg;jpeg;jpe;resx;tiff;tif;png;wav;mfcribbon-ms</Extensions>
    </Filter>
  </ItemGroup>
  <ItemGroup>
    <ClCompile Include="ext\binwrite\assembler\assembler.cpp">
      <Filter>Source Files</Filter>
    </ClCompile>
    <ClCompile Include="ext\binwrite\binary\binary.cpp">
      <Filter>Source Files</Filter>
    </ClCompile>
    <ClCompile Include="ext\binwrite\binary\pe\pe.cpp">
      <Filter>Source Files</Filter>
    </ClCompile>
    <ClCompile Include="ext\binwrite\disassembler\disassembler.cpp">
      <Filter>Source Files</Filter>
    </ClCompile>
    <ClCompile Include="ext\binwrite\arch\mnemonic\mnemonic.cpp">
      <Filter>Source Files</Filter>
    </ClCompile>
    <ClCompile Include="ext\binwrite\arch\register\register.cpp">
      <Filter>Source Files</Filter>
    </ClCompile>
    <ClCompile Include="ext\binwrite\arch\instruction\basic_block.cpp">
      <Filter>Source Files</Filter>
    </ClCompile>
    <ClCompile Include="ext\binwrite\binary\rva\rva.cpp">
      <Filter>Source Files</Filter>
    </ClCompile>
    <ClCompile Include="ext\portable-executable\data_directory.cpp">
      <Filter>Source Files</Filter>
    </ClCompile>
    <ClCompile Include="ext\portable-executable\dos_header.cpp">
      <Filter>Source Files</Filter>
    </ClCompile>
    <ClCompile Include="ext\portable-executable\exception_directory.cpp">
      <Filter>Source Files</Filter>
    </ClCompile>
    <ClCompile Include="ext\portable-executable\export_directory.cpp">
      <Filter>Source Files</Filter>
    </ClCompile>
    <ClCompile Include="ext\portable-executable\file.cpp">
      <Filter>Source Files</Filter>
    </ClCompile>
    <ClCompile Include="ext\portable-executable\image.cpp">
      <Filter>Source Files</Filter>
    </ClCompile>
    <ClCompile Include="ext\portable-executable\nt_headers.cpp">
      <Filter>Source Files</Filter>
    </ClCompile>
    <ClCompile Include="ext\portable-executable\relocations_directory.cpp">
      <Filter>Source Files</Filter>
    </ClCompile>
    <ClCompile Include="ext\portable-executable\section_header.cpp">
      <Filter>Source Files</Filter>
    </ClCompile>
    <ClCompile Include="src\main.cpp">
      <Filter>Source Files</Filter>
    </ClCompile>
    <ClCompile Include="src\mba\mba.cpp">
      <Filter>Source Files</Filter>
    </ClCompile>
    <ClCompile Include="src\linear_substitution\linear_substitution.cpp">
      <Filter>Source Files</Filter>
    </ClCompile>
    <ClCompile Include="src\control_flow\control_flow_flattening.cpp">
      <Filter>Source Files</Filter>
    </ClCompile>
    <ClCompile Include="ext\binwrite\binary\symbols\map_parsing.cpp">
      <Filter>Source Files</Filter>
    </ClCompile>
    <ClCompile Include="ext\binwrite\binary\function\function.cpp">
      <Filter>Source Files</Filter>
    </ClCompile>
    <ClCompile Include="src\mba\flag_behaviour.cpp">
      <Filter>Source Files</Filter>
    </ClCompile>
    <ClCompile Include="src\virtual_machine\hardware_register.cpp">
      <Filter>Source Files</Filter>
    </ClCompile>
    <ClCompile Include="src\virtual_machine\virtual_machine.cpp">
      <Filter>Source Files</Filter>
    </ClCompile>
    <ClCompile Include="src\virtual_machine\vm_context.cpp">
      <Filter>Source Files</Filter>
    </ClCompile>
    <ClCompile Include="src\opaque_predicate\opaque_predicate.cpp">
      <Filter>Source Files</Filter>
    </ClCompile>
    <ClCompile Include="ext\binwrite\binary\binary_jump_table.cpp">
      <Filter>Source Files</Filter>
    </ClCompile>
    <ClCompile Include="ext\binwrite\binary\binary_disassembly.cpp">
      <Filter>Source Files</Filter>
    </ClCompile>
    <ClCompile Include="ext\binwrite\binary\binary_rvas.cpp">
      <Filter>Source Files</Filter>
    </ClCompile>
    <ClCompile Include="ext\binwrite\binary\section\section.cpp">
      <Filter>Source Files</Filter>
    </ClCompile>
    <ClCompile Include="ext\binwrite\binary\pe\pe_rvas.cpp">
      <Filter>Source Files</Filter>
    </ClCompile>
    <ClCompile Include="ext\binwrite\binary\pe\pe_sections.cpp">
      <Filter>Source Files</Filter>
    </ClCompile>
    <ClCompile Include="ext\binwrite\binary\pe\pe_exception_directory.cpp">
      <Filter>Source Files</Filter>
    </ClCompile>
    <ClCompile Include="ext\binwrite\binary\pe\pe_frame_pointer.cpp">
      <Filter>Source Files</Filter>
    </ClCompile>
    <ClCompile Include="ext\binwrite\binary\pe\pe_frame_pointer_scan.cpp">
      <Filter>Source Files</Filter>
    </ClCompile>
    <ClCompile Include="ext\binwrite\binary\pe\pe_throw_info.cpp">
      <Filter>Source Files</Filter>
    </ClCompile>
    <ClCompile Include="ext\binwrite\binary\pe\pe_runtime_function.cpp">
      <Filter>Source Files</Filter>
    </ClCompile>
    <ClCompile Include="ext\binwrite\disassembler\decoded_operand.cpp">
      <Filter>Source Files</Filter>
    </ClCompile>
    <ClCompile Include="ext\binwrite\disassembler\disassembled_instruction.cpp">
      <Filter>Source Files</Filter>
    </ClCompile>
  </ItemGroup>
  <ItemGroup>
    <ClInclude Include="ext\binwrite\assembler\assembler.hpp">
      <Filter>Header Files</Filter>
    </ClInclude>
    <ClInclude Include="ext\binwrite\binary\binary.hpp">
      <Filter>Header Files</Filter>
    </ClInclude>
    <ClInclude Include="ext\binwrite\binary\pe\pe.hpp">
      <Filter>Header Files</Filter>
    </ClInclude>
    <ClInclude Include="ext\binwrite\binary\pe\pe_exceptions.hpp">
      <Filter>Header Files</Filter>
    </ClInclude>
    <ClInclude Include="ext\binwrite\binary\pe\cxx_frame_handler4.hpp">
      <Filter>Header Files</Filter>
    </ClInclude>
    <ClInclude Include="ext\binwrite\disassembler\disassembler.hpp">
      <Filter>Header Files</Filter>
    </ClInclude>
    <ClInclude Include="ext\binwrite\arch\mnemonic\mnemonic.hpp">
      <Filter>Header Files</Filter>
    </ClInclude>
    <ClInclude Include="ext\binwrite\arch\register\register.hpp">
      <Filter>Header Files</Filter>
    </ClInclude>
    <ClInclude Include="ext\binwrite\arch\instruction\basic_block.hpp">
      <Filter>Header Files</Filter>
    </ClInclude>
    <ClInclude Include="ext\binwrite\arch\instruction\instruction.hpp">
      <Filter>Header Files</Filter>
    </ClInclude>
    <ClInclude Include="ext\binwrite\binary\rva\rva.hpp">
      <Filter>Header Files</Filter>
    </ClInclude>
    <ClInclude Include="ext\portable-executable\data_directory.hpp">
      <Filter>Header Files</Filter>
    </ClInclude>
    <ClInclude Include="ext\portable-executable\debug_directory.hpp">
      <Filter>Header Files</Filter>
    </ClInclude>
    <ClInclude Include="ext\portable-executable\delay_load_directory.hpp">
      <Filter>Header Files</Filter>
    </ClInclude>
    <ClInclude Include="ext\portable-executable\dos_header.hpp">
      <Filter>Header Files</Filter>
    </ClInclude>
    <ClInclude Include="ext\portable-executable\exception_directory.hpp">
      <Filter>Header Files</Filter>
    </ClInclude>
    <ClInclude Include="ext\portable-executable\export_directory.hpp">
      <Filter>Header Files</Filter>
    </ClInclude>
    <ClInclude Include="ext\portable-executable\file.hpp">
      <Filter>Header Files</Filter>
    </ClInclude>
    <ClInclude Include="ext\portable-executable\file_header.hpp">
      <Filter>Header Files</Filter>
    </ClInclude>
    <ClInclude Include="ext\portable-executable\image.hpp">
      <Filter>Header Files</Filter>
    </ClInclude>
    <ClInclude Include="ext\portable-executable\imports_directory.hpp">
      <Filter>Header Files</Filter>
    </ClInclude>
    <ClInclude Include="ext\portable-executable\load_config_directory.hpp">
      <Filter>Header Files</Filter>
    </ClInclude>
    <ClInclude Include="ext\portable-executable\nt_headers.hpp">
      <Filter>Header Files</Filter>
    </ClInclude>
    <ClInclude Include="ext\portable-executable\optional_header.hpp">
      <Filter>Header Files</Filter>
    </ClInclude>
    <ClInclude Include="ext\portable-executable\relocations_directory.hpp">
      <Filter>Header Files</Filter>
    </ClInclude>
    <ClInclude Include="ext\portable-executable\resource_directory.hpp">
      <Filter>Header Files</Filter>
    </ClInclude>
    <ClInclude Include="ext\portable-executable\section_header.hpp">
      <Filter>Header Files</Filter>
    </ClInclude>
    <ClInclude Include="src\mba\mba.hpp">
      <Filter>Header Files</Filter>
    </ClInclude>
    <ClInclude Include="src\linear_substitution\linear_substitution.hpp">
      <Filter>Header Files</Filter>
    </ClInclude>
    <ClInclude Include="src\assembler\assembler.hpp">
      <Filter>Header Files</Filter>
    </ClInclude>
    <ClInclude Include="ext\binwrite\math\random.hpp">
      <Filter>Header Files</Filter>
    </ClInclude>
    <ClInclude Include="src\control_flow\control_flow_flattening.hpp">
      <Filter>Header Files</Filter>
    </ClInclude>
    <ClInclude Include="ext\binwrite\binary\symbols\map_parsing.hpp">
      <Filter>Header Files</Filter>
    </ClInclude>
    <ClInclude Include="ext\binwrite\binary\function\function.hpp">
      <Filter>Header Files</Filter>
    </ClInclude>
    <ClInclude Include="src\mba\flag_behaviour.hpp">
      <Filter>Header Files</Filter>
    </ClInclude>
    <ClInclude Include="src\virtual_machine\hardware_register.hpp">
      <Filter>Header Files</Filter>
    </ClInclude>
    <ClInclude Include="src\virtual_machine\virtual_machine.hpp">
      <Filter>Header Files</Filter>
    </ClInclude>
    <ClInclude Include="src\virtual_machine\vm_context.hpp">
      <Filter>Header Files</Filter>
    </ClInclude>
    <ClInclude Include="src\virtual_machine\operand.hpp">
      <Filter>Header Files</Filter>
    </ClInclude>
    <ClInclude Include="src\opaque_predicate\opaque_predicate.hpp">
      <Filter>Header Files</Filter>
    </ClInclude>
    <ClInclude Include="ext\binwrite\binary\relocation\relocation.hpp">
      <Filter>Header Files</Filter>
    </ClInclude>
    <ClInclude Include="ext\binwrite\binary\section\section.hpp">
      <Filter>Header Files</Filter>
    </ClInclude>
    <ClInclude Include="ext\binwrite\math\serialize.hpp">
      <Filter>Header Files</Filter>
    </ClInclude>
    <ClInclude Include="ext\binwrite\disassembler\decoded_operand.hpp">
      <Filter>Header Files</Filter>
    </ClInclude>
    <ClInclude Include="ext\binwrite\disassembler\disassembled_instruction.hpp">
      <Filter>Header Files</Filter>
    </ClInclude>
  </ItemGroup>
</Project>